// !$*UTF8*$!
{
	archiveVersion = 1;
	classes = {
	};
	objectVersion = 50;
	objects = {

/* Begin PBXBuildFile section */
		79766F6C23513A9400AA4991 /* AppDelegate.swift in Sources */ = {isa = PBXBuildFile; fileRef = 79766F6B23513A9400AA4991 /* AppDelegate.swift */; };
		79766F6E23513A9400AA4991 /* ViewController.swift in Sources */ = {isa = PBXBuildFile; fileRef = 79766F6D23513A9400AA4991 /* ViewController.swift */; };
		79766F7123513A9400AA4991 /* Main.storyboard in Resources */ = {isa = PBXBuildFile; fileRef = 79766F6F23513A9400AA4991 /* Main.storyboard */; };
		79766F7323513A9500AA4991 /* Assets.xcassets in Resources */ = {isa = PBXBuildFile; fileRef = 79766F7223513A9500AA4991 /* Assets.xcassets */; };
		79766F7623513A9500AA4991 /* LaunchScreen.storyboard in Resources */ = {isa = PBXBuildFile; fileRef = 79766F7423513A9500AA4991 /* LaunchScreen.storyboard */; };
		79766F8123513A9500AA4991 /* FlightPathTests.swift in Sources */ = {isa = PBXBuildFile; fileRef = 79766F8023513A9500AA4991 /* FlightPathTests.swift */; };
		79766F8C23513A9500AA4991 /* FlightPathUITests.swift in Sources */ = {isa = PBXBuildFile; fileRef = 79766F8B23513A9500AA4991 /* FlightPathUITests.swift */; };
/* End PBXBuildFile section */

/* Begin PBXContainerItemProxy section */
		79766F7D23513A9500AA4991 /* PBXContainerItemProxy */ = {
			isa = PBXContainerItemProxy;
			containerPortal = 79766F6023513A9400AA4991 /* Project object */;
			proxyType = 1;
			remoteGlobalIDString = 79766F6723513A9400AA4991;
			remoteInfo = FlightPath;
		};
		79766F8823513A9500AA4991 /* PBXContainerItemProxy */ = {
			isa = PBXContainerItemProxy;
			containerPortal = 79766F6023513A9400AA4991 /* Project object */;
			proxyType = 1;
			remoteGlobalIDString = 79766F6723513A9400AA4991;
			remoteInfo = FlightPath;
		};
/* End PBXContainerItemProxy section */

/* Begin PBXFileReference section */
		79766F6823513A9400AA4991 /* FlightPath.app */ = {isa = PBXFileReference; explicitFileType = wrapper.application; includeInIndex = 0; path = FlightPath.app; sourceTree = BUILT_PRODUCTS_DIR; };
		79766F6B23513A9400AA4991 /* AppDelegate.swift */ = {isa = PBXFileReference; lastKnownFileType = sourcecode.swift; path = AppDelegate.swift; sourceTree = "<group>"; };
		79766F6D23513A9400AA4991 /* ViewController.swift */ = {isa = PBXFileReference; lastKnownFileType = sourcecode.swift; path = ViewController.swift; sourceTree = "<group>"; };
		79766F7023513A9400AA4991 /* Base */ = {isa = PBXFileReference; lastKnownFileType = file.storyboard; name = Base; path = Base.lproj/Main.storyboard; sourceTree = "<group>"; };
		79766F7223513A9500AA4991 /* Assets.xcassets */ = {isa = PBXFileReference; lastKnownFileType = folder.assetcatalog; path = Assets.xcassets; sourceTree = "<group>"; };
		79766F7523513A9500AA4991 /* Base */ = {isa = PBXFileReference; lastKnownFileType = file.storyboard; name = Base; path = Base.lproj/LaunchScreen.storyboard; sourceTree = "<group>"; };
		79766F7723513A9500AA4991 /* Info.plist */ = {isa = PBXFileReference; lastKnownFileType = text.plist.xml; path = Info.plist; sourceTree = "<group>"; };
		79766F7C23513A9500AA4991 /* FlightPathTests.xctest */ = {isa = PBXFileReference; explicitFileType = wrapper.cfbundle; includeInIndex = 0; path = FlightPathTests.xctest; sourceTree = BUILT_PRODUCTS_DIR; };
		79766F8023513A9500AA4991 /* FlightPathTests.swift */ = {isa = PBXFileReference; lastKnownFileType = sourcecode.swift; path = FlightPathTests.swift; sourceTree = "<group>"; };
		79766F8223513A9500AA4991 /* Info.plist */ = {isa = PBXFileReference; lastKnownFileType = text.plist.xml; path = Info.plist; sourceTree = "<group>"; };
		79766F8723513A9500AA4991 /* FlightPathUITests.xctest */ = {isa = PBXFileReference; explicitFileType = wrapper.cfbundle; includeInIndex = 0; path = FlightPathUITests.xctest; sourceTree = BUILT_PRODUCTS_DIR; };
		79766F8B23513A9500AA4991 /* FlightPathUITests.swift */ = {isa = PBXFileReference; lastKnownFileType = sourcecode.swift; path = FlightPathUITests.swift; sourceTree = "<group>"; };
		79766F8D23513A9500AA4991 /* Info.plist */ = {isa = PBXFileReference; lastKnownFileType = text.plist.xml; path = Info.plist; sourceTree = "<group>"; };
/* End PBXFileReference section */

/* Begin PBXFrameworksBuildPhase section */
		79766F6523513A9400AA4991 /* Frameworks */ = {
			isa = PBXFrameworksBuildPhase;
			buildActionMask = 2147483647;
			files = (
			);
			runOnlyForDeploymentPostprocessing = 0;
		};
		79766F7923513A9500AA4991 /* Frameworks */ = {
			isa = PBXFrameworksBuildPhase;
			buildActionMask = 2147483647;
			files = (
			);
			runOnlyForDeploymentPostprocessing = 0;
		};
		79766F8423513A9500AA4991 /* Frameworks */ = {
			isa = PBXFrameworksBuildPhase;
			buildActionMask = 2147483647;
			files = (
			);
			runOnlyForDeploymentPostprocessing = 0;
		};
/* End PBXFrameworksBuildPhase section */

/* Begin PBXGroup section */
		79766F5F23513A9400AA4991 = {
			isa = PBXGroup;
			children = (
				79766F6A23513A9400AA4991 /* FlightPath */,
				79766F7F23513A9500AA4991 /* FlightPathTests */,
				79766F8A23513A9500AA4991 /* FlightPathUITests */,
				79766F6923513A9400AA4991 /* Products */,
			);
			sourceTree = "<group>";
		};
		79766F6923513A9400AA4991 /* Products */ = {
			isa = PBXGroup;
			children = (
				79766F6823513A9400AA4991 /* FlightPath.app */,
				79766F7C23513A9500AA4991 /* FlightPathTests.xctest */,
				79766F8723513A9500AA4991 /* FlightPathUITests.xctest */,
			);
			name = Products;
			sourceTree = "<group>";
		};
		79766F6A23513A9400AA4991 /* FlightPath */ = {
			isa = PBXGroup;
			children = (
				79766F6B23513A9400AA4991 /* AppDelegate.swift */,
				79766F6D23513A9400AA4991 /* ViewController.swift */,
				79766F6F23513A9400AA4991 /* Main.storyboard */,
				79766F7223513A9500AA4991 /* Assets.xcassets */,
				79766F7423513A9500AA4991 /* LaunchScreen.storyboard */,
				79766F7723513A9500AA4991 /* Info.plist */,
			);
			path = FlightPath;
			sourceTree = "<group>";
		};
		79766F7F23513A9500AA4991 /* FlightPathTests */ = {
			isa = PBXGroup;
			children = (
				79766F8023513A9500AA4991 /* FlightPathTests.swift */,
				79766F8223513A9500AA4991 /* Info.plist */,
			);
			path = FlightPathTests;
			sourceTree = "<group>";
		};
		79766F8A23513A9500AA4991 /* FlightPathUITests */ = {
			isa = PBXGroup;
			children = (
				79766F8B23513A9500AA4991 /* FlightPathUITests.swift */,
				79766F8D23513A9500AA4991 /* Info.plist */,
			);
			path = FlightPathUITests;
			sourceTree = "<group>";
		};
/* End PBXGroup section */

/* Begin PBXNativeTarget section */
		79766F6723513A9400AA4991 /* FlightPath */ = {
			isa = PBXNativeTarget;
			buildConfigurationList = 79766F9023513A9500AA4991 /* Build configuration list for PBXNativeTarget "FlightPath" */;
			buildPhases = (
				79766F6423513A9400AA4991 /* Sources */,
				79766F6523513A9400AA4991 /* Frameworks */,
				79766F6623513A9400AA4991 /* Resources */,
			);
			buildRules = (
			);
			dependencies = (
			);
			name = FlightPath;
			productName = FlightPath;
			productReference = 79766F6823513A9400AA4991 /* FlightPath.app */;
			productType = "com.apple.product-type.application";
		};
		79766F7B23513A9500AA4991 /* FlightPathTests */ = {
			isa = PBXNativeTarget;
			buildConfigurationList = 79766F9323513A9500AA4991 /* Build configuration list for PBXNativeTarget "FlightPathTests" */;
			buildPhases = (
				79766F7823513A9500AA4991 /* Sources */,
				79766F7923513A9500AA4991 /* Frameworks */,
				79766F7A23513A9500AA4991 /* Resources */,
			);
			buildRules = (
			);
			dependencies = (
				79766F7E23513A9500AA4991 /* PBXTargetDependency */,
			);
			name = FlightPathTests;
			productName = FlightPathTests;
			productReference = 79766F7C23513A9500AA4991 /* FlightPathTests.xctest */;
			productType = "com.apple.product-type.bundle.unit-test";
		};
		79766F8623513A9500AA4991 /* FlightPathUITests */ = {
			isa = PBXNativeTarget;
			buildConfigurationList = 79766F9623513A9500AA4991 /* Build configuration list for PBXNativeTarget "FlightPathUITests" */;
			buildPhases = (
				79766F8323513A9500AA4991 /* Sources */,
				79766F8423513A9500AA4991 /* Frameworks */,
				79766F8523513A9500AA4991 /* Resources */,
			);
			buildRules = (
			);
			dependencies = (
				79766F8923513A9500AA4991 /* PBXTargetDependency */,
			);
			name = FlightPathUITests;
			productName = FlightPathUITests;
			productReference = 79766F8723513A9500AA4991 /* FlightPathUITests.xctest */;
			productType = "com.apple.product-type.bundle.ui-testing";
		};
/* End PBXNativeTarget section */

/* Begin PBXProject section */
		79766F6023513A9400AA4991 /* Project object */ = {
			isa = PBXProject;
			attributes = {
				LastSwiftUpdateCheck = 1030;
				LastUpgradeCheck = 1030;
				ORGANIZATIONNAME = "Bryant Gunaman";
				TargetAttributes = {
					79766F6723513A9400AA4991 = {
						CreatedOnToolsVersion = 10.3;
					};
					79766F7B23513A9500AA4991 = {
						CreatedOnToolsVersion = 10.3;
						TestTargetID = 79766F6723513A9400AA4991;
					};
					79766F8623513A9500AA4991 = {
						CreatedOnToolsVersion = 10.3;
						TestTargetID = 79766F6723513A9400AA4991;
					};
				};
			};
			buildConfigurationList = 79766F6323513A9400AA4991 /* Build configuration list for PBXProject "FlightPath" */;
			compatibilityVersion = "Xcode 9.3";
			developmentRegion = en;
			hasScannedForEncodings = 0;
			knownRegions = (
				en,
				Base,
			);
			mainGroup = 79766F5F23513A9400AA4991;
			productRefGroup = 79766F6923513A9400AA4991 /* Products */;
			projectDirPath = "";
			projectRoot = "";
			targets = (
				79766F6723513A9400AA4991 /* FlightPath */,
				79766F7B23513A9500AA4991 /* FlightPathTests */,
				79766F8623513A9500AA4991 /* FlightPathUITests */,
			);
		};
/* End PBXProject section */

/* Begin PBXResourcesBuildPhase section */
		79766F6623513A9400AA4991 /* Resources */ = {
			isa = PBXResourcesBuildPhase;
			buildActionMask = 2147483647;
			files = (
				79766F7623513A9500AA4991 /* LaunchScreen.storyboard in Resources */,
				79766F7323513A9500AA4991 /* Assets.xcassets in Resources */,
				79766F7123513A9400AA4991 /* Main.storyboard in Resources */,
			);
			runOnlyForDeploymentPostprocessing = 0;
		};
		79766F7A23513A9500AA4991 /* Resources */ = {
			isa = PBXResourcesBuildPhase;
			buildActionMask = 2147483647;
			files = (
			);
			runOnlyForDeploymentPostprocessing = 0;
		};
		79766F8523513A9500AA4991 /* Resources */ = {
			isa = PBXResourcesBuildPhase;
			buildActionMask = 2147483647;
			files = (
			);
			runOnlyForDeploymentPostprocessing = 0;
		};
/* End PBXResourcesBuildPhase section */

/* Begin PBXSourcesBuildPhase section */
		79766F6423513A9400AA4991 /* Sources */ = {
			isa = PBXSourcesBuildPhase;
			buildActionMask = 2147483647;
			files = (
				79766F6E23513A9400AA4991 /* ViewController.swift in Sources */,
				79766F6C23513A9400AA4991 /* AppDelegate.swift in Sources */,
			);
			runOnlyForDeploymentPostprocessing = 0;
		};
		79766F7823513A9500AA4991 /* Sources */ = {
			isa = PBXSourcesBuildPhase;
			buildActionMask = 2147483647;
			files = (
				79766F8123513A9500AA4991 /* FlightPathTests.swift in Sources */,
			);
			runOnlyForDeploymentPostprocessing = 0;
		};
		79766F8323513A9500AA4991 /* Sources */ = {
			isa = PBXSourcesBuildPhase;
			buildActionMask = 2147483647;
			files = (
				79766F8C23513A9500AA4991 /* FlightPathUITests.swift in Sources */,
			);
			runOnlyForDeploymentPostprocessing = 0;
		};
/* End PBXSourcesBuildPhase section */

/* Begin PBXTargetDependency section */
		79766F7E23513A9500AA4991 /* PBXTargetDependency */ = {
			isa = PBXTargetDependency;
			target = 79766F6723513A9400AA4991 /* FlightPath */;
			targetProxy = 79766F7D23513A9500AA4991 /* PBXContainerItemProxy */;
		};
		79766F8923513A9500AA4991 /* PBXTargetDependency */ = {
			isa = PBXTargetDependency;
			target = 79766F6723513A9400AA4991 /* FlightPath */;
			targetProxy = 79766F8823513A9500AA4991 /* PBXContainerItemProxy */;
		};
/* End PBXTargetDependency section */

/* Begin PBXVariantGroup section */
		79766F6F23513A9400AA4991 /* Main.storyboard */ = {
			isa = PBXVariantGroup;
			children = (
				79766F7023513A9400AA4991 /* Base */,
			);
			name = Main.storyboard;
			sourceTree = "<group>";
		};
		79766F7423513A9500AA4991 /* LaunchScreen.storyboard */ = {
			isa = PBXVariantGroup;
			children = (
				79766F7523513A9500AA4991 /* Base */,
			);
			name = LaunchScreen.storyboard;
			sourceTree = "<group>";
		};
/* End PBXVariantGroup section */

/* Begin XCBuildConfiguration section */
		79766F8E23513A9500AA4991 /* Debug */ = {
			isa = XCBuildConfiguration;
			buildSettings = {
				ALWAYS_SEARCH_USER_PATHS = NO;
				CLANG_ANALYZER_NONNULL = YES;
				CLANG_ANALYZER_NUMBER_OBJECT_CONVERSION = YES_AGGRESSIVE;
				CLANG_CXX_LANGUAGE_STANDARD = "gnu++14";
				CLANG_CXX_LIBRARY = "libc++";
				CLANG_ENABLE_MODULES = YES;
				CLANG_ENABLE_OBJC_ARC = YES;
				CLANG_ENABLE_OBJC_WEAK = YES;
				CLANG_WARN_BLOCK_CAPTURE_AUTORELEASING = YES;
				CLANG_WARN_BOOL_CONVERSION = YES;
				CLANG_WARN_COMMA = YES;
				CLANG_WARN_CONSTANT_CONVERSION = YES;
				CLANG_WARN_DEPRECATED_OBJC_IMPLEMENTATIONS = YES;
				CLANG_WARN_DIRECT_OBJC_ISA_USAGE = YES_ERROR;
				CLANG_WARN_DOCUMENTATION_COMMENTS = YES;
				CLANG_WARN_EMPTY_BODY = YES;
				CLANG_WARN_ENUM_CONVERSION = YES;
				CLANG_WARN_INFINITE_RECURSION = YES;
				CLANG_WARN_INT_CONVERSION = YES;
				CLANG_WARN_NON_LITERAL_NULL_CONVERSION = YES;
				CLANG_WARN_OBJC_IMPLICIT_RETAIN_SELF = YES;
				CLANG_WARN_OBJC_LITERAL_CONVERSION = YES;
				CLANG_WARN_OBJC_ROOT_CLASS = YES_ERROR;
				CLANG_WARN_RANGE_LOOP_ANALYSIS = YES;
				CLANG_WARN_STRICT_PROTOTYPES = YES;
				CLANG_WARN_SUSPICIOUS_MOVE = YES;
				CLANG_WARN_UNGUARDED_AVAILABILITY = YES_AGGRESSIVE;
				CLANG_WARN_UNREACHABLE_CODE = YES;
				CLANG_WARN__DUPLICATE_METHOD_MATCH = YES;
				CODE_SIGN_IDENTITY = "iPhone Developer";
				COPY_PHASE_STRIP = NO;
				DEBUG_INFORMATION_FORMAT = dwarf;
				ENABLE_STRICT_OBJC_MSGSEND = YES;
				ENABLE_TESTABILITY = YES;
				GCC_C_LANGUAGE_STANDARD = gnu11;
				GCC_DYNAMIC_NO_PIC = NO;
				GCC_NO_COMMON_BLOCKS = YES;
				GCC_OPTIMIZATION_LEVEL = 0;
				GCC_PREPROCESSOR_DEFINITIONS = (
					"DEBUG=1",
					"$(inherited)",
				);
				GCC_WARN_64_TO_32_BIT_CONVERSION = YES;
				GCC_WARN_ABOUT_RETURN_TYPE = YES_ERROR;
				GCC_WARN_UNDECLARED_SELECTOR = YES;
				GCC_WARN_UNINITIALIZED_AUTOS = YES_AGGRESSIVE;
				GCC_WARN_UNUSED_FUNCTION = YES;
				GCC_WARN_UNUSED_VARIABLE = YES;
				IPHONEOS_DEPLOYMENT_TARGET = 12.4;
				MTL_ENABLE_DEBUG_INFO = INCLUDE_SOURCE;
				MTL_FAST_MATH = YES;
				ONLY_ACTIVE_ARCH = YES;
				SDKROOT = iphoneos;
				SWIFT_ACTIVE_COMPILATION_CONDITIONS = DEBUG;
				SWIFT_OPTIMIZATION_LEVEL = "-Onone";
			};
			name = Debug;
		};
		79766F8F23513A9500AA4991 /* Release */ = {
			isa = XCBuildConfiguration;
			buildSettings = {
				ALWAYS_SEARCH_USER_PATHS = NO;
				CLANG_ANALYZER_NONNULL = YES;
				CLANG_ANALYZER_NUMBER_OBJECT_CONVERSION = YES_AGGRESSIVE;
				CLANG_CXX_LANGUAGE_STANDARD = "gnu++14";
				CLANG_CXX_LIBRARY = "libc++";
				CLANG_ENABLE_MODULES = YES;
				CLANG_ENABLE_OBJC_ARC = YES;
				CLANG_ENABLE_OBJC_WEAK = YES;
				CLANG_WARN_BLOCK_CAPTURE_AUTORELEASING = YES;
				CLANG_WARN_BOOL_CONVERSION = YES;
				CLANG_WARN_COMMA = YES;
				CLANG_WARN_CONSTANT_CONVERSION = YES;
				CLANG_WARN_DEPRECATED_OBJC_IMPLEMENTATIONS = YES;
				CLANG_WARN_DIRECT_OBJC_ISA_USAGE = YES_ERROR;
				CLANG_WARN_DOCUMENTATION_COMMENTS = YES;
				CLANG_WARN_EMPTY_BODY = YES;
				CLANG_WARN_ENUM_CONVERSION = YES;
				CLANG_WARN_INFINITE_RECURSION = YES;
				CLANG_WARN_INT_CONVERSION = YES;
				CLANG_WARN_NON_LITERAL_NULL_CONVERSION = YES;
				CLANG_WARN_OBJC_IMPLICIT_RETAIN_SELF = YES;
				CLANG_WARN_OBJC_LITERAL_CONVERSION = YES;
				CLANG_WARN_OBJC_ROOT_CLASS = YES_ERROR;
				CLANG_WARN_RANGE_LOOP_ANALYSIS = YES;
				CLANG_WARN_STRICT_PROTOTYPES = YES;
				CLANG_WARN_SUSPICIOUS_MOVE = YES;
				CLANG_WARN_UNGUARDED_AVAILABILITY = YES_AGGRESSIVE;
				CLANG_WARN_UNREACHABLE_CODE = YES;
				CLANG_WARN__DUPLICATE_METHOD_MATCH = YES;
				CODE_SIGN_IDENTITY = "iPhone Developer";
				COPY_PHASE_STRIP = NO;
				DEBUG_INFORMATION_FORMAT = "dwarf-with-dsym";
				ENABLE_NS_ASSERTIONS = NO;
				ENABLE_STRICT_OBJC_MSGSEND = YES;
				GCC_C_LANGUAGE_STANDARD = gnu11;
				GCC_NO_COMMON_BLOCKS = YES;
				GCC_WARN_64_TO_32_BIT_CONVERSION = YES;
				GCC_WARN_ABOUT_RETURN_TYPE = YES_ERROR;
				GCC_WARN_UNDECLARED_SELECTOR = YES;
				GCC_WARN_UNINITIALIZED_AUTOS = YES_AGGRESSIVE;
				GCC_WARN_UNUSED_FUNCTION = YES;
				GCC_WARN_UNUSED_VARIABLE = YES;
				IPHONEOS_DEPLOYMENT_TARGET = 12.4;
				MTL_ENABLE_DEBUG_INFO = NO;
				MTL_FAST_MATH = YES;
				SDKROOT = iphoneos;
				SWIFT_COMPILATION_MODE = wholemodule;
				SWIFT_OPTIMIZATION_LEVEL = "-O";
				VALIDATE_PRODUCT = YES;
			};
			name = Release;
		};
		79766F9123513A9500AA4991 /* Debug */ = {
			isa = XCBuildConfiguration;
			buildSettings = {
				ASSETCATALOG_COMPILER_APPICON_NAME = AppIcon;
				CODE_SIGN_STYLE = Automatic;
				INFOPLIST_FILE = FlightPath/Info.plist;
				LD_RUNPATH_SEARCH_PATHS = (
					"$(inherited)",
					"@executable_path/Frameworks",
				);
				PRODUCT_BUNDLE_IDENTIFIER = com.FlightPath;
				PRODUCT_NAME = "$(TARGET_NAME)";
				SWIFT_VERSION = 5.0;
				TARGETED_DEVICE_FAMILY = "1,2";
			};
			name = Debug;
		};
		79766F9223513A9500AA4991 /* Release */ = {
			isa = XCBuildConfiguration;
			buildSettings = {
				ASSETCATALOG_COMPILER_APPICON_NAME = AppIcon;
				CODE_SIGN_STYLE = Automatic;
				INFOPLIST_FILE = FlightPath/Info.plist;
				LD_RUNPATH_SEARCH_PATHS = (
					"$(inherited)",
					"@executable_path/Frameworks",
				);
				PRODUCT_BUNDLE_IDENTIFIER = com.FlightPath;
				PRODUCT_NAME = "$(TARGET_NAME)";
				SWIFT_VERSION = 5.0;
				TARGETED_DEVICE_FAMILY = "1,2";
			};
			name = Release;
		};
		79766F9423513A9500AA4991 /* Debug */ = {
			isa = XCBuildConfiguration;
			buildSettings = {
				ALWAYS_EMBED_SWIFT_STANDARD_LIBRARIES = YES;
				BUNDLE_LOADER = "$(TEST_HOST)";
				CODE_SIGN_STYLE = Automatic;
				INFOPLIST_FILE = FlightPathTests/Info.plist;
				LD_RUNPATH_SEARCH_PATHS = (
					"$(inherited)",
					"@executable_path/Frameworks",
					"@loader_path/Frameworks",
				);
				PRODUCT_BUNDLE_IDENTIFIER = com.FlightPathTests;
				PRODUCT_NAME = "$(TARGET_NAME)";
				SWIFT_VERSION = 5.0;
				TARGETED_DEVICE_FAMILY = "1,2";
				TEST_HOST = "$(BUILT_PRODUCTS_DIR)/FlightPath.app/FlightPath";
			};
			name = Debug;
		};
		79766F9523513A9500AA4991 /* Release */ = {
			isa = XCBuildConfiguration;
			buildSettings = {
				ALWAYS_EMBED_SWIFT_STANDARD_LIBRARIES = YES;
				BUNDLE_LOADER = "$(TEST_HOST)";
				CODE_SIGN_STYLE = Automatic;
				INFOPLIST_FILE = FlightPathTests/Info.plist;
				LD_RUNPATH_SEARCH_PATHS = (
					"$(inherited)",
					"@executable_path/Frameworks",
					"@loader_path/Frameworks",
				);
				PRODUCT_BUNDLE_IDENTIFIER = com.FlightPathTests;
				PRODUCT_NAME = "$(TARGET_NAME)";
				SWIFT_VERSION = 5.0;
				TARGETED_DEVICE_FAMILY = "1,2";
				TEST_HOST = "$(BUILT_PRODUCTS_DIR)/FlightPath.app/FlightPath";
			};
			name = Release;
		};
		79766F9723513A9500AA4991 /* Debug */ = {
			isa = XCBuildConfiguration;
			buildSettings = {
				ALWAYS_EMBED_SWIFT_STANDARD_LIBRARIES = YES;
				CODE_SIGN_STYLE = Automatic;
				INFOPLIST_FILE = FlightPathUITests/Info.plist;
				LD_RUNPATH_SEARCH_PATHS = (
					"$(inherited)",
					"@executable_path/Frameworks",
					"@loader_path/Frameworks",
				);
				PRODUCT_BUNDLE_IDENTIFIER = com.FlightPathUITests;
				PRODUCT_NAME = "$(TARGET_NAME)";
				SWIFT_VERSION = 5.0;
				TARGETED_DEVICE_FAMILY = "1,2";
				TEST_TARGET_NAME = FlightPath;
			};
			name = Debug;
		};
		79766F9823513A9500AA4991 /* Release */ = {
			isa = XCBuildConfiguration;
			buildSettings = {
				ALWAYS_EMBED_SWIFT_STANDARD_LIBRARIES = YES;
				CODE_SIGN_STYLE = Automatic;
				INFOPLIST_FILE = FlightPathUITests/Info.plist;
				LD_RUNPATH_SEARCH_PATHS = (
					"$(inherited)",
					"@executable_path/Frameworks",
					"@loader_path/Frameworks",
				);
				PRODUCT_BUNDLE_IDENTIFIER = com.FlightPathUITests;
				PRODUCT_NAME = "$(TARGET_NAME)";
				SWIFT_VERSION = 5.0;
				TARGETED_DEVICE_FAMILY = "1,2";
				TEST_TARGET_NAME = FlightPath;
			};
			name = Release;
		};
/* End XCBuildConfiguration section */

/* Begin XCConfigurationList section */
		79766F6323513A9400AA4991 /* Build configuration list for PBXProject "FlightPath" */ = {
			isa = XCConfigurationList;
			buildConfigurations = (
				79766F8E23513A9500AA4991 /* Debug */,
				79766F8F23513A9500AA4991 /* Release */,
			);
			defaultConfigurationIsVisible = 0;
			defaultConfigurationName = Release;
		};
		79766F9023513A9500AA4991 /* Build configuration list for PBXNativeTarget "FlightPath" */ = {
			isa = XCConfigurationList;
			buildConfigurations = (
				79766F9123513A9500AA4991 /* Debug */,
				79766F9223513A9500AA4991 /* Release */,
			);
			defaultConfigurationIsVisible = 0;
			defaultConfigurationName = Release;
		};
		79766F9323513A9500AA4991 /* Build configuration list for PBXNativeTarget "FlightPathTests" */ = {
			isa = XCConfigurationList;
			buildConfigurations = (
				79766F9423513A9500AA4991 /* Debug */,
				79766F9523513A9500AA4991 /* Release */,
			);
			defaultConfigurationIsVisible = 0;
			defaultConfigurationName = Release;
		};
		79766F9623513A9500AA4991 /* Build configuration list for PBXNativeTarget "FlightPathUITests" */ = {
			isa = XCConfigurationList;
			buildConfigurations = (
				79766F9723513A9500AA4991 /* Debug */,
				79766F9823513A9500AA4991 /* Release */,
			);
			defaultConfigurationIsVisible = 0;
			defaultConfigurationName = Release;
		};
/* End XCConfigurationList section */
	};
	rootObject = 79766F6023513A9400AA4991 /* Project object */;
}
